
Microsoft Visual Studio Solution File, Format Version 12.00
# Visual Studio Version 16
VisualStudioVersion = 16.0.34031.81
MinimumVisualStudioVersion = 10.0.40219.1
Project("{C9674DCB-5085-4A16-B785-4C70DD1589BD}") = "SSIS_BDConsolidadaV3", "SSIS_BDConsolidadaV3.dtproj", "{87AFAE18-8823-4413-A274-E347234FC474}"
EndProject
Global
	GlobalSection(SolutionConfigurationPlatforms) = preSolution
		Development|Default = Development|Default
	EndGlobalSection
	GlobalSection(ProjectConfigurationPlatforms) = postSolution
		{87AFAE18-8823-4413-A274-E347234FC474}.Development|Default.ActiveCfg = Development
		{87AFAE18-8823-4413-A274-E347234FC474}.Development|Default.Build.0 = Development
	EndGlobalSection
	GlobalSection(SolutionProperties) = preSolution
		HideSolutionNode = FALSE
	EndGlobalSection
	GlobalSection(ExtensibilityGlobals) = postSolution
		SolutionGuid = {A646A8BB-CE50-407D-B8B3-E9DBC1003585}
	EndGlobalSection
EndGlobal
